
Microsoft Visual Studio Solution File, Format Version 12.00
# Visual Studio 2013
VisualStudioVersion = 12.0.31101.0
MinimumVisualStudioVersion = 10.0.40219.1
Project("{2150E333-8FDC-42A3-9474-1A3956D46DE8}") = "UI", "UI", "{0C08C2DD-9451-4990-A8AB-A68AE7C23D01}"
EndProject
Project("{FAE04EC0-301F-11D3-BF4B-00C04F79EFBC}") = "Sharpenter.ResumeParser.UI.Console", "Sharpenter.ResumeParser.UI.Console\Sharpenter.ResumeParser.UI.Console.csproj", "{0A6C389B-CC68-4769-A149-05ECF58F22E2}"
EndProject
Project("{2150E333-8FDC-42A3-9474-1A3956D46DE8}") = "Model", "Model", "{0FE8C75D-2E58-4F17-AF3C-29318A99570C}"
EndProject
Project("{FAE04EC0-301F-11D3-BF4B-00C04F79EFBC}") = "Sharpenter.ResumeParser.ResumeProcessor", "Sharpenter.ResumeParser.ResumeProcessor\Sharpenter.ResumeParser.ResumeProcessor.csproj", "{4E7AD443-8F56-4AA1-9476-664E35CEF55C}"
EndProject
Project("{FAE04EC0-301F-11D3-BF4B-00C04F79EFBC}") = "Sharpenter.ResumeParser.OutputFormatter.Json", "Sharpenter.ResumeParser.OutputFormatter.Json\Sharpenter.ResumeParser.OutputFormatter.Json.csproj", "{F640B9C6-7D04-4DA0-A620-4C8EC8A1EB57}"
EndProject
Project("{FAE04EC0-301F-11D3-BF4B-00C04F79EFBC}") = "Sharpenter.ResumeParser.InputReader.Pdf", "Sharpenter.ResumeParser.InputParser.Pdf\Sharpenter.ResumeParser.InputReader.Pdf.csproj", "{A2901E5B-1AC0-4E02-9EEA-5FF4E7706EA6}"
EndProject
Project("{FAE04EC0-301F-11D3-BF4B-00C04F79EFBC}") = "Sharpenter.ResumeParser.InputReader.Doc", "Sharpenter.ResumeParser.InputParser.Doc\Sharpenter.ResumeParser.InputReader.Doc.csproj", "{2D028FBE-C3E2-4B01-A14E-38F5FA1C1ABF}"
EndProject
Project("{FAE04EC0-301F-11D3-BF4B-00C04F79EFBC}") = "Sharpenter.ResumeParser.InputReader.Docx", "Sharpenter.ResumeParser.InputParser.Docx\Sharpenter.ResumeParser.InputReader.Docx.csproj", "{4573D06B-523D-403A-86E3-6FD7091619D5}"
EndProject
Project("{FAE04EC0-301F-11D3-BF4B-00C04F79EFBC}") = "Sharpenter.ResumeParser.InputReader.Plain", "Sharpenter.ResumeParser.InputReader.Plain\Sharpenter.ResumeParser.InputReader.Plain.csproj", "{F47923DD-1308-4B46-B843-58A2FB5455B1}"
EndProject
Project("{FAE04EC0-301F-11D3-BF4B-00C04F79EFBC}") = "Sharpenter.ResumeParser.Model", "Sharpenter.ResumeParser.Model\Sharpenter.ResumeParser.Model.csproj", "{48D5DB4A-3C27-4B5E-8B42-4CDA14AA8386}"
EndProject
Global
	GlobalSection(SolutionConfigurationPlatforms) = preSolution
		Debug|Any CPU = Debug|Any CPU
		Release|Any CPU = Release|Any CPU
	EndGlobalSection
	GlobalSection(ProjectConfigurationPlatforms) = postSolution
		{0A6C389B-CC68-4769-A149-05ECF58F22E2}.Debug|Any CPU.ActiveCfg = Debug|Any CPU
		{0A6C389B-CC68-4769-A149-05ECF58F22E2}.Debug|Any CPU.Build.0 = Debug|Any CPU
		{0A6C389B-CC68-4769-A149-05ECF58F22E2}.Release|Any CPU.ActiveCfg = Release|Any CPU
		{0A6C389B-CC68-4769-A149-05ECF58F22E2}.Release|Any CPU.Build.0 = Release|Any CPU
		{4E7AD443-8F56-4AA1-9476-664E35CEF55C}.Debug|Any CPU.ActiveCfg = Debug|Any CPU
		{4E7AD443-8F56-4AA1-9476-664E35CEF55C}.Debug|Any CPU.Build.0 = Debug|Any CPU
		{4E7AD443-8F56-4AA1-9476-664E35CEF55C}.Release|Any CPU.ActiveCfg = Release|Any CPU
		{4E7AD443-8F56-4AA1-9476-664E35CEF55C}.Release|Any CPU.Build.0 = Release|Any CPU
		{F640B9C6-7D04-4DA0-A620-4C8EC8A1EB57}.Debug|Any CPU.ActiveCfg = Debug|Any CPU
		{F640B9C6-7D04-4DA0-A620-4C8EC8A1EB57}.Debug|Any CPU.Build.0 = Debug|Any CPU
		{F640B9C6-7D04-4DA0-A620-4C8EC8A1EB57}.Release|Any CPU.ActiveCfg = Release|Any CPU
		{F640B9C6-7D04-4DA0-A620-4C8EC8A1EB57}.Release|Any CPU.Build.0 = Release|Any CPU
		{A2901E5B-1AC0-4E02-9EEA-5FF4E7706EA6}.Debug|Any CPU.ActiveCfg = Debug|Any CPU
		{A2901E5B-1AC0-4E02-9EEA-5FF4E7706EA6}.Debug|Any CPU.Build.0 = Debug|Any CPU
		{A2901E5B-1AC0-4E02-9EEA-5FF4E7706EA6}.Release|Any CPU.ActiveCfg = Release|Any CPU
		{A2901E5B-1AC0-4E02-9EEA-5FF4E7706EA6}.Release|Any CPU.Build.0 = Release|Any CPU
		{2D028FBE-C3E2-4B01-A14E-38F5FA1C1ABF}.Debug|Any CPU.ActiveCfg = Debug|Any CPU
		{2D028FBE-C3E2-4B01-A14E-38F5FA1C1ABF}.Debug|Any CPU.Build.0 = Debug|Any CPU
		{2D028FBE-C3E2-4B01-A14E-38F5FA1C1ABF}.Release|Any CPU.ActiveCfg = Release|Any CPU
		{2D028FBE-C3E2-4B01-A14E-38F5FA1C1ABF}.Release|Any CPU.Build.0 = Release|Any CPU
		{4573D06B-523D-403A-86E3-6FD7091619D5}.Debug|Any CPU.ActiveCfg = Debug|Any CPU
		{4573D06B-523D-403A-86E3-6FD7091619D5}.Debug|Any CPU.Build.0 = Debug|Any CPU
		{4573D06B-523D-403A-86E3-6FD7091619D5}.Release|Any CPU.ActiveCfg = Release|Any CPU
		{4573D06B-523D-403A-86E3-6FD7091619D5}.Release|Any CPU.Build.0 = Release|Any CPU
		{F47923DD-1308-4B46-B843-58A2FB5455B1}.Debug|Any CPU.ActiveCfg = Debug|Any CPU
		{F47923DD-1308-4B46-B843-58A2FB5455B1}.Debug|Any CPU.Build.0 = Debug|Any CPU
		{F47923DD-1308-4B46-B843-58A2FB5455B1}.Release|Any CPU.ActiveCfg = Release|Any CPU
		{F47923DD-1308-4B46-B843-58A2FB5455B1}.Release|Any CPU.Build.0 = Release|Any CPU
		{48D5DB4A-3C27-4B5E-8B42-4CDA14AA8386}.Debug|Any CPU.ActiveCfg = Debug|Any CPU
		{48D5DB4A-3C27-4B5E-8B42-4CDA14AA8386}.Debug|Any CPU.Build.0 = Debug|Any CPU
		{48D5DB4A-3C27-4B5E-8B42-4CDA14AA8386}.Release|Any CPU.ActiveCfg = Release|Any CPU
		{48D5DB4A-3C27-4B5E-8B42-4CDA14AA8386}.Release|Any CPU.Build.0 = Release|Any CPU
	EndGlobalSection
	GlobalSection(SolutionProperties) = preSolution
		HideSolutionNode = FALSE
	EndGlobalSection
	GlobalSection(NestedProjects) = preSolution
		{0A6C389B-CC68-4769-A149-05ECF58F22E2} = {0C08C2DD-9451-4990-A8AB-A68AE7C23D01}
		{4E7AD443-8F56-4AA1-9476-664E35CEF55C} = {0FE8C75D-2E58-4F17-AF3C-29318A99570C}
		{F640B9C6-7D04-4DA0-A620-4C8EC8A1EB57} = {0FE8C75D-2E58-4F17-AF3C-29318A99570C}
		{A2901E5B-1AC0-4E02-9EEA-5FF4E7706EA6} = {0FE8C75D-2E58-4F17-AF3C-29318A99570C}
		{2D028FBE-C3E2-4B01-A14E-38F5FA1C1ABF} = {0FE8C75D-2E58-4F17-AF3C-29318A99570C}
		{4573D06B-523D-403A-86E3-6FD7091619D5} = {0FE8C75D-2E58-4F17-AF3C-29318A99570C}
		{F47923DD-1308-4B46-B843-58A2FB5455B1} = {0FE8C75D-2E58-4F17-AF3C-29318A99570C}
		{48D5DB4A-3C27-4B5E-8B42-4CDA14AA8386} = {0FE8C75D-2E58-4F17-AF3C-29318A99570C}
	EndGlobalSection
EndGlobal
